
Microsoft Visual Studio Solution File, Format Version 12.00
# Visual Studio 14
VisualStudioVersion = 14.0.23107.0
MinimumVisualStudioVersion = 10.0.40219.1
Project("{FAE04EC0-301F-11D3-BF4B-00C04F79EFBC}") = "Becky.Tests", "Becky.Tests\Becky.Tests.csproj", "{35AF6022-4D12-438D-88CB-F015F4200F4A}"
EndProject
Project("{00D1A9C2-B5F0-4AF3-8072-F6C62B433612}") = "Becky.Database", "Becky.Database\Becky.Database.sqlproj", "{59403EFD-4A5B-4ED9-B6AD-1540E4B49D91}"
EndProject
Project("{FAE04EC0-301F-11D3-BF4B-00C04F79EFBC}") = "Becky.Data", "Becky.Data\Becky.Data.csproj", "{CE18BC94-F217-4B81-A859-44A59666F718}"
EndProject
Project("{FAE04EC0-301F-11D3-BF4B-00C04F79EFBC}") = "Becky.Task", "Becky.Task\Becky.Task.csproj", "{C02F53F7-C784-4D37-B08B-EFD70D9944D6}"
EndProject
Project("{FAE04EC0-301F-11D3-BF4B-00C04F79EFBC}") = "Becky.WebApi", "Becky.WebApi\Becky.WebApi.csproj", "{BC281E99-77B5-4FF4-86A8-6AECB5BA06CA}"
EndProject
Project("{FAE04EC0-301F-11D3-BF4B-00C04F79EFBC}") = "Becky.Web", "Becky.Web\Becky.Web.csproj", "{86C6D0EC-45F8-4D1B-B8D4-A6098B4B2C0F}"
EndProject
Project("{FAE04EC0-301F-11D3-BF4B-00C04F79EFBC}") = "Becky.Domain", "Becky.Domain\Becky.Domain.csproj", "{AB428C85-A5F4-47F9-BBA3-BA535FCE10CD}"
EndProject
Global
	GlobalSection(SolutionConfigurationPlatforms) = preSolution
		Debug|Any CPU = Debug|Any CPU
		Release|Any CPU = Release|Any CPU
	EndGlobalSection
	GlobalSection(ProjectConfigurationPlatforms) = postSolution
		{35AF6022-4D12-438D-88CB-F015F4200F4A}.Debug|Any CPU.ActiveCfg = Debug|Any CPU
		{35AF6022-4D12-438D-88CB-F015F4200F4A}.Debug|Any CPU.Build.0 = Debug|Any CPU
		{35AF6022-4D12-438D-88CB-F015F4200F4A}.Release|Any CPU.ActiveCfg = Release|Any CPU
		{35AF6022-4D12-438D-88CB-F015F4200F4A}.Release|Any CPU.Build.0 = Release|Any CPU
		{59403EFD-4A5B-4ED9-B6AD-1540E4B49D91}.Debug|Any CPU.ActiveCfg = Debug|Any CPU
		{59403EFD-4A5B-4ED9-B6AD-1540E4B49D91}.Debug|Any CPU.Build.0 = Debug|Any CPU
		{59403EFD-4A5B-4ED9-B6AD-1540E4B49D91}.Debug|Any CPU.Deploy.0 = Debug|Any CPU
		{59403EFD-4A5B-4ED9-B6AD-1540E4B49D91}.Release|Any CPU.ActiveCfg = Release|Any CPU
		{59403EFD-4A5B-4ED9-B6AD-1540E4B49D91}.Release|Any CPU.Build.0 = Release|Any CPU
		{59403EFD-4A5B-4ED9-B6AD-1540E4B49D91}.Release|Any CPU.Deploy.0 = Release|Any CPU
		{CE18BC94-F217-4B81-A859-44A59666F718}.Debug|Any CPU.ActiveCfg = Debug|Any CPU
		{CE18BC94-F217-4B81-A859-44A59666F718}.Debug|Any CPU.Build.0 = Debug|Any CPU
		{CE18BC94-F217-4B81-A859-44A59666F718}.Release|Any CPU.ActiveCfg = Release|Any CPU
		{CE18BC94-F217-4B81-A859-44A59666F718}.Release|Any CPU.Build.0 = Release|Any CPU
		{C02F53F7-C784-4D37-B08B-EFD70D9944D6}.Debug|Any CPU.ActiveCfg = Debug|Any CPU
		{C02F53F7-C784-4D37-B08B-EFD70D9944D6}.Debug|Any CPU.Build.0 = Debug|Any CPU
		{C02F53F7-C784-4D37-B08B-EFD70D9944D6}.Release|Any CPU.ActiveCfg = Release|Any CPU
		{C02F53F7-C784-4D37-B08B-EFD70D9944D6}.Release|Any CPU.Build.0 = Release|Any CPU
		{BC281E99-77B5-4FF4-86A8-6AECB5BA06CA}.Debug|Any CPU.ActiveCfg = Debug|Any CPU
		{BC281E99-77B5-4FF4-86A8-6AECB5BA06CA}.Debug|Any CPU.Build.0 = Debug|Any CPU
		{BC281E99-77B5-4FF4-86A8-6AECB5BA06CA}.Release|Any CPU.ActiveCfg = Release|Any CPU
		{BC281E99-77B5-4FF4-86A8-6AECB5BA06CA}.Release|Any CPU.Build.0 = Release|Any CPU
		{86C6D0EC-45F8-4D1B-B8D4-A6098B4B2C0F}.Debug|Any CPU.ActiveCfg = Debug|Any CPU
		{86C6D0EC-45F8-4D1B-B8D4-A6098B4B2C0F}.Debug|Any CPU.Build.0 = Debug|Any CPU
		{86C6D0EC-45F8-4D1B-B8D4-A6098B4B2C0F}.Release|Any CPU.ActiveCfg = Release|Any CPU
		{86C6D0EC-45F8-4D1B-B8D4-A6098B4B2C0F}.Release|Any CPU.Build.0 = Release|Any CPU
		{AB428C85-A5F4-47F9-BBA3-BA535FCE10CD}.Debug|Any CPU.ActiveCfg = Debug|Any CPU
		{AB428C85-A5F4-47F9-BBA3-BA535FCE10CD}.Debug|Any CPU.Build.0 = Debug|Any CPU
		{AB428C85-A5F4-47F9-BBA3-BA535FCE10CD}.Release|Any CPU.ActiveCfg = Release|Any CPU
		{AB428C85-A5F4-47F9-BBA3-BA535FCE10CD}.Release|Any CPU.Build.0 = Release|Any CPU
	EndGlobalSection
	GlobalSection(SolutionProperties) = preSolution
		HideSolutionNode = FALSE
	EndGlobalSection
EndGlobal
